{
  "name": "noteslify",
  "version": "1.0.0",
  "lockfileVersion": 2,
  "requires": true,
  "packages": {
    "": {
      "name": "noteslify",
      "version": "1.0.0",
      "license": "ISC",
      "dependencies": {
        "@formspree/react": "^2.4.4"
      }
    },
    "node_modules/@formspree/core": {
      "version": "2.8.3",
      "resolved": "https://registry.npmjs.org/@formspree/core/-/core-2.8.3.tgz",
      "integrity": "sha512-fyBWtzl3rD+SL8b7fHFDK0jUpYK5b20Pt8jIn2QRcJ8wZacEnINFFY+BaSrnHfMxHmCTLmjfJNktL1fBxmfhMg==",
      "dependencies": {
        "@stripe/stripe-js": "^1.35.0"
      }
    },
    "node_modules/@formspree/react": {
      "version": "2.4.4",
      "resolved": "https://registry.npmjs.org/@formspree/react/-/react-2.4.4.tgz",
      "integrity": "sha512-jHvrEGQyt+jTPWCBl/alhI9MkzOqazMLLF3IoXN33D4WHiii4PJUoH0d68LsS1oSaVJNTMKebthhrL3MseLYAQ==",
      "dependencies": {
        "@formspree/core": "^2.8.3",
        "@stripe/react-stripe-js": "^1.7.1",
        "@stripe/stripe-js": "^1.35.0"
      },
      "peerDependencies": {
        "react": "^16.8 || ^17.0 || ^18.0",
        "react-dom": "^16.8 || ^17.0 || ^18.0"
      }
    },
    "node_modules/@stripe/react-stripe-js": {
      "version": "1.13.0",
      "resolved": "https://registry.npmjs.org/@stripe/react-stripe-js/-/react-stripe-js-1.13.0.tgz",
      "integrity": "sha512-6v2VVYorWalmlHF5DIlHp5xtFzX9rY36N4d7kyS8D/4jxvZYHOKJj96LCQfwuFi/o19/dCX8rxt/ct+pF9kI8A==",
      "dependencies": {
        "prop-types": "^15.7.2"
      },
      "peerDependencies": {
        "@stripe/stripe-js": "^1.41.0",
        "react": "^16.8.0 || ^17.0.0 || ^18.0.0",
        "react-dom": "^16.8.0 || ^17.0.0 || ^18.0.0"
      }
    },
    "node_modules/@stripe/stripe-js": {
      "version": "1.41.0",
      "resolved": "https://registry.npmjs.org/@stripe/stripe-js/-/stripe-js-1.41.0.tgz",
      "integrity": "sha512-9cbv1CO/fF37qDiHFCxkRgSJjlIZLV0bl+m6zu4dUObRnfYq5bpczCByOvhiSWtbrKqNhYL1j+otPSogRfSqGw=="
    },
    "node_modules/js-tokens": {
      "version": "4.0.0",
      "resolved": "https://registry.npmjs.org/js-tokens/-/js-tokens-4.0.0.tgz",
      "integrity": "sha512-RdJUflcE3cUzKiMqQgsCu06FPu9UdIJO0beYbPhHN4k6apgJtifcoCtT9bcxOpYBtpD2kCM6Sbzg4CausW/PKQ=="
    },
    "node_modules/loose-envify": {
      "version": "1.4.0",
      "resolved": "https://registry.npmjs.org/loose-envify/-/loose-envify-1.4.0.tgz",
      "integrity": "sha512-lyuxPGr/Wfhrlem2CL/UcnUc1zcqKAImBDzukY7Y5F/yQiNdko6+fRLevlw1HgMySw7f611UIY408EtxRSoK3Q==",
      "dependencies": {
        "js-tokens": "^3.0.0 || ^4.0.0"
      },
      "bin": {
        "loose-envify": "cli.js"
      }
    },
    "node_modules/object-assign": {
      "version": "4.1.1",
      "resolved": "https://registry.npmjs.org/object-assign/-/object-assign-4.1.1.tgz",
      "integrity": "sha512-rJgTQnkUnH1sFw8yT6VSU3zD3sWmu6sZhIseY8VX+GRu3P6F7Fu+JNDoXfklElbLJSnc3FUQHVe4cU5hj+BcUg==",
      "engines": {
        "node": ">=0.10.0"
      }
    },
    "node_modules/prop-types": {
      "version": "15.8.1",
      "resolved": "https://registry.npmjs.org/prop-types/-/prop-types-15.8.1.tgz",
      "integrity": "sha512-oj87CgZICdulUohogVAR7AjlC0327U4el4L6eAvOqCeudMDVU0NThNaV+b9Df4dXgSP1gXMTnPdhfe/2qDH5cg==",
      "dependencies": {
        "loose-envify": "^1.4.0",
        "object-assign": "^4.1.1",
        "react-is": "^16.13.1"
      }
    },
    "node_modules/react": {
      "version": "18.2.0",
      "resolved": "https://registry.npmjs.org/react/-/react-18.2.0.tgz",
      "integrity": "sha512-/3IjMdb2L9QbBdWiW5e3P2/npwMBaU9mHCSCUzNln0ZCYbcfTsGbTJrU/kGemdH2IWmB2ioZ+zkxtmq6g09fGQ==",
      "peer": true,
      "dependencies": {
        "loose-envify": "^1.1.0"
      },
      "engines": {
        "node": ">=0.10.0"
      }
    },
    "node_modules/react-dom": {
      "version": "18.2.0",
      "resolved": "https://registry.npmjs.org/react-dom/-/react-dom-18.2.0.tgz",
      "integrity": "sha512-6IMTriUmvsjHUjNtEDudZfuDQUoWXVxKHhlEGSk81n4YFS+r/Kl99wXiwlVXtPBtJenozv2P+hxDsw9eA7Xo6g==",
      "peer": true,
      "dependencies": {
        "loose-envify": "^1.1.0",
        "scheduler": "^0.23.0"
      },
      "peerDependencies": {
        "react": "^18.2.0"
      }
    },
    "node_modules/react-is": {
      "version": "16.13.1",
      "resolved": "https://registry.npmjs.org/react-is/-/react-is-16.13.1.tgz",
      "integrity": "sha512-24e6ynE2H+OKt4kqsOvNd8kBpV65zoxbA4BVsEOB3ARVWQki/DHzaUoC5KuON/BiccDaCCTZBuOcfZs70kR8bQ=="
    },
    "node_modules/scheduler": {
      "version": "0.23.0",
      "resolved": "https://registry.npmjs.org/scheduler/-/scheduler-0.23.0.tgz",
      "integrity": "sha512-CtuThmgHNg7zIZWAXi3AsyIzA3n4xx7aNyjwC2VJldO2LMVDhFK+63xGqq6CsJH4rTAt6/M+N4GhZiDYPx9eUw==",
      "peer": true,
      "dependencies": {
        "loose-envify": "^1.1.0"
      }
    }
  },
  "dependencies": {
    "@formspree/core": {
      "version": "2.8.3",
      "resolved": "https://registry.npmjs.org/@formspree/core/-/core-2.8.3.tgz",
      "integrity": "sha512-fyBWtzl3rD+SL8b7fHFDK0jUpYK5b20Pt8jIn2QRcJ8wZacEnINFFY+BaSrnHfMxHmCTLmjfJNktL1fBxmfhMg==",
      "requires": {
        "@stripe/stripe-js": "^1.35.0"
      }
    },
    "@formspree/react": {
      "version": "2.4.4",
      "resolved": "https://registry.npmjs.org/@formspree/react/-/react-2.4.4.tgz",
      "integrity": "sha512-jHvrEGQyt+jTPWCBl/alhI9MkzOqazMLLF3IoXN33D4WHiii4PJUoH0d68LsS1oSaVJNTMKebthhrL3MseLYAQ==",
      "requires": {
        "@formspree/core": "^2.8.3",
        "@stripe/react-stripe-js": "^1.7.1",
        "@stripe/stripe-js": "^1.35.0"
      }
    },
    "@stripe/react-stripe-js": {
      "version": "1.13.0",
      "resolved": "https://registry.npmjs.org/@stripe/react-stripe-js/-/react-stripe-js-1.13.0.tgz",
      "integrity": "sha512-6v2VVYorWalmlHF5DIlHp5xtFzX9rY36N4d7kyS8D/4jxvZYHOKJj96LCQfwuFi/o19/dCX8rxt/ct+pF9kI8A==",
      "requires": {
        "prop-types": "^15.7.2"
      }
    },
    "@stripe/stripe-js": {
      "version": "1.41.0",
      "resolved": "https://registry.npmjs.org/@stripe/stripe-js/-/stripe-js-1.41.0.tgz",
      "integrity": "sha512-9cbv1CO/fF37qDiHFCxkRgSJjlIZLV0bl+m6zu4dUObRnfYq5bpczCByOvhiSWtbrKqNhYL1j+otPSogRfSqGw=="
    },
    "js-tokens": {
      "version": "4.0.0",
      "resolved": "https://registry.npmjs.org/js-tokens/-/js-tokens-4.0.0.tgz",
      "integrity": "sha512-RdJUflcE3cUzKiMqQgsCu06FPu9UdIJO0beYbPhHN4k6apgJtifcoCtT9bcxOpYBtpD2kCM6Sbzg4CausW/PKQ=="
    },
    "loose-envify": {
      "version": "1.4.0",
      "resolved": "https://registry.npmjs.org/loose-envify/-/loose-envify-1.4.0.tgz",
      "integrity": "sha512-lyuxPGr/Wfhrlem2CL/UcnUc1zcqKAImBDzukY7Y5F/yQiNdko6+fRLevlw1HgMySw7f611UIY408EtxRSoK3Q==",
      "requires": {
        "js-tokens": "^3.0.0 || ^4.0.0"
      }
    },
    "object-assign": {
      "version": "4.1.1",
      "resolved": "https://registry.npmjs.org/object-assign/-/object-assign-4.1.1.tgz",
      "integrity": "sha512-rJgTQnkUnH1sFw8yT6VSU3zD3sWmu6sZhIseY8VX+GRu3P6F7Fu+JNDoXfklElbLJSnc3FUQHVe4cU5hj+BcUg=="
    },
    "prop-types": {
      "version": "15.8.1",
      "resolved": "https://registry.npmjs.org/prop-types/-/prop-types-15.8.1.tgz",
      "integrity": "sha512-oj87CgZICdulUohogVAR7AjlC0327U4el4L6eAvOqCeudMDVU0NThNaV+b9Df4dXgSP1gXMTnPdhfe/2qDH5cg==",
      "requires": {
        "loose-envify": "^1.4.0",
        "object-assign": "^4.1.1",
        "react-is": "^16.13.1"
      }
    },
    "react": {
      "version": "18.2.0",
      "resolved": "https://registry.npmjs.org/react/-/react-18.2.0.tgz",
      "integrity": "sha512-/3IjMdb2L9QbBdWiW5e3P2/npwMBaU9mHCSCUzNln0ZCYbcfTsGbTJrU/kGemdH2IWmB2ioZ+zkxtmq6g09fGQ==",
      "peer": true,
      "requires": {
        "loose-envify": "^1.1.0"
      }
    },
    "react-dom": {
      "version": "18.2.0",
      "resolved": "https://registry.npmjs.org/react-dom/-/react-dom-18.2.0.tgz",
      "integrity": "sha512-6IMTriUmvsjHUjNtEDudZfuDQUoWXVxKHhlEGSk81n4YFS+r/Kl99wXiwlVXtPBtJenozv2P+hxDsw9eA7Xo6g==",
      "peer": true,
      "requires": {
        "loose-envify": "^1.1.0",
        "scheduler": "^0.23.0"
      }
    },
    "react-is": {
      "version": "16.13.1",
      "resolved": "https://registry.npmjs.org/react-is/-/react-is-16.13.1.tgz",
      "integrity": "sha512-24e6ynE2H+OKt4kqsOvNd8kBpV65zoxbA4BVsEOB3ARVWQki/DHzaUoC5KuON/BiccDaCCTZBuOcfZs70kR8bQ=="
    },
    "scheduler": {
      "version": "0.23.0",
      "resolved": "https://registry.npmjs.org/scheduler/-/scheduler-0.23.0.tgz",
      "integrity": "sha512-CtuThmgHNg7zIZWAXi3AsyIzA3n4xx7aNyjwC2VJldO2LMVDhFK+63xGqq6CsJH4rTAt6/M+N4GhZiDYPx9eUw==",
      "peer": true,
      "requires": {
        "loose-envify": "^1.1.0"
      }
    }
  }
}
